
Microsoft Visual Studio Solution File, Format Version 12.00
# Visual Studio Version 16
VisualStudioVersion = 16.0.29424.173
MinimumVisualStudioVersion = 10.0.40219.1
Project("{FAE04EC0-301F-11D3-BF4B-00C04F79EFBC}") = "CourseProject", "CorseProject\CourseProject.csproj", "{4AFE2D21-A82C-4958-B529-D2CCFE561CE5}"
EndProject
Project("{FAE04EC0-301F-11D3-BF4B-00C04F79EFBC}") = "CourseProjectTesting", "CourseProjectTesting\CourseProjectTesting.csproj", "{97D2C792-3486-48DA-A842-31EB6AB24AB8}"
EndProject
Global
	GlobalSection(SolutionConfigurationPlatforms) = preSolution
		Debug|Any CPU = Debug|Any CPU
		Release|Any CPU = Release|Any CPU
	EndGlobalSection
	GlobalSection(ProjectConfigurationPlatforms) = postSolution
		{4AFE2D21-A82C-4958-B529-D2CCFE561CE5}.Debug|Any CPU.ActiveCfg = Debug|Any CPU
		{4AFE2D21-A82C-4958-B529-D2CCFE561CE5}.Debug|Any CPU.Build.0 = Debug|Any CPU
		{4AFE2D21-A82C-4958-B529-D2CCFE561CE5}.Release|Any CPU.ActiveCfg = Release|Any CPU
		{4AFE2D21-A82C-4958-B529-D2CCFE561CE5}.Release|Any CPU.Build.0 = Release|Any CPU
		{97D2C792-3486-48DA-A842-31EB6AB24AB8}.Debug|Any CPU.ActiveCfg = Debug|Any CPU
		{97D2C792-3486-48DA-A842-31EB6AB24AB8}.Debug|Any CPU.Build.0 = Debug|Any CPU
		{97D2C792-3486-48DA-A842-31EB6AB24AB8}.Release|Any CPU.ActiveCfg = Release|Any CPU
		{97D2C792-3486-48DA-A842-31EB6AB24AB8}.Release|Any CPU.Build.0 = Release|Any CPU
	EndGlobalSection
	GlobalSection(SolutionProperties) = preSolution
		HideSolutionNode = FALSE
	EndGlobalSection
	GlobalSection(ExtensibilityGlobals) = postSolution
		SolutionGuid = {EF496593-2D9B-4BE2-B19F-01F81E87BB78}
	EndGlobalSection
EndGlobal
